{
  "name": "bitaddress.org",
  "version": "3.3.0",
  "lockfileVersion": 1,
  "requires": true,
  "dependencies": {
    "grunt-combine": {
      "version": "0.8.3",
      "resolved": "https://registry.npmjs.org/grunt-combine/-/grunt-combine-0.8.3.tgz",
      "integrity": "sha1-XD2iGqXHZkrQBov0aKOI7HW4RWA=",
      "dev": true,
      "requires": {
        "underscore": "1.4.x"
      }
    },
    "grunt-lineending": {
      "version": "0.2.4",
      "resolved": "https://registry.npmjs.org/grunt-lineending/-/grunt-lineending-0.2.4.tgz",
      "integrity": "sha1-i2ANN6xeEPQ6wDMcLNM5FOKvcpE=",
      "dev": true
    },
    "underscore": {
      "version": "1.4.4",
      "resolved": "https://registry.npmjs.org/underscore/-/underscore-1.4.4.tgz",
      "integrity": "sha1-YaajIBBiKvoHljvzJSA88SI51gQ=",
      "dev": true
    }
  }
}
